
Microsoft Visual Studio Solution File, Format Version 12.00
# Visual Studio Version 17
VisualStudioVersion = 17.3.32825.248
MinimumVisualStudioVersion = 10.0.40219.1
Project("{FAE04EC0-301F-11D3-BF4B-00C04F79EFBC}") = "tren1", "tren1.csproj", "{ADC42C2B-FAEB-418E-8EED-2CF189880A06}"
EndProject
Global
	GlobalSection(SolutionConfigurationPlatforms) = preSolution
		Debug|Any CPU = Debug|Any CPU
		Release|Any CPU = Release|Any CPU
	EndGlobalSection
	GlobalSection(ProjectConfigurationPlatforms) = postSolution
		{ADC42C2B-FAEB-418E-8EED-2CF189880A06}.Debug|Any CPU.ActiveCfg = Debug|Any CPU
		{ADC42C2B-FAEB-418E-8EED-2CF189880A06}.Debug|Any CPU.Build.0 = Debug|Any CPU
		{ADC42C2B-FAEB-418E-8EED-2CF189880A06}.Release|Any CPU.ActiveCfg = Release|Any CPU
		{ADC42C2B-FAEB-418E-8EED-2CF189880A06}.Release|Any CPU.Build.0 = Release|Any CPU
	EndGlobalSection
	GlobalSection(SolutionProperties) = preSolution
		HideSolutionNode = FALSE
	EndGlobalSection
	GlobalSection(ExtensibilityGlobals) = postSolution
		SolutionGuid = {AE2420EF-D5B8-427F-BFF6-E4985EECCBC2}
	EndGlobalSection
EndGlobal
